
Microsoft Visual Studio Solution File, Format Version 12.00
# Visual Studio 15
VisualStudioVersion = 15.0.28307.572
MinimumVisualStudioVersion = 10.0.40219.1
Project("{FAE04EC0-301F-11D3-BF4B-00C04F79EFBC}") = "productoback", "productoback\productoback.csproj", "{B9E11549-8B7D-4153-8158-577B4C13F15A}"
EndProject
Project("{FAE04EC0-301F-11D3-BF4B-00C04F79EFBC}") = "productoAPI", "productoAPI\productoAPI.csproj", "{FA9E51DF-92FB-47D5-866E-8C8AD907DAD8}"
EndProject
Project("{FAE04EC0-301F-11D3-BF4B-00C04F79EFBC}") = "clienteback", "clienteback\clienteback.csproj", "{87DA48BD-DCDB-4FB5-8BFF-06D21E2246FD}"
EndProject
Global
	GlobalSection(SolutionConfigurationPlatforms) = preSolution
		Debug|Any CPU = Debug|Any CPU
		Release|Any CPU = Release|Any CPU
	EndGlobalSection
	GlobalSection(ProjectConfigurationPlatforms) = postSolution
		{B9E11549-8B7D-4153-8158-577B4C13F15A}.Debug|Any CPU.ActiveCfg = Debug|Any CPU
		{B9E11549-8B7D-4153-8158-577B4C13F15A}.Debug|Any CPU.Build.0 = Debug|Any CPU
		{B9E11549-8B7D-4153-8158-577B4C13F15A}.Release|Any CPU.ActiveCfg = Release|Any CPU
		{B9E11549-8B7D-4153-8158-577B4C13F15A}.Release|Any CPU.Build.0 = Release|Any CPU
		{FA9E51DF-92FB-47D5-866E-8C8AD907DAD8}.Debug|Any CPU.ActiveCfg = Debug|Any CPU
		{FA9E51DF-92FB-47D5-866E-8C8AD907DAD8}.Debug|Any CPU.Build.0 = Debug|Any CPU
		{FA9E51DF-92FB-47D5-866E-8C8AD907DAD8}.Release|Any CPU.ActiveCfg = Release|Any CPU
		{FA9E51DF-92FB-47D5-866E-8C8AD907DAD8}.Release|Any CPU.Build.0 = Release|Any CPU
		{87DA48BD-DCDB-4FB5-8BFF-06D21E2246FD}.Debug|Any CPU.ActiveCfg = Debug|Any CPU
		{87DA48BD-DCDB-4FB5-8BFF-06D21E2246FD}.Debug|Any CPU.Build.0 = Debug|Any CPU
		{87DA48BD-DCDB-4FB5-8BFF-06D21E2246FD}.Release|Any CPU.ActiveCfg = Release|Any CPU
		{87DA48BD-DCDB-4FB5-8BFF-06D21E2246FD}.Release|Any CPU.Build.0 = Release|Any CPU
	EndGlobalSection
	GlobalSection(SolutionProperties) = preSolution
		HideSolutionNode = FALSE
	EndGlobalSection
	GlobalSection(ExtensibilityGlobals) = postSolution
		SolutionGuid = {73DBF6D6-93EB-421E-A8CD-36EF0DE59D6C}
	EndGlobalSection
EndGlobal
